
Microsoft Visual Studio Solution File, Format Version 12.00
# Visual Studio Version 16
VisualStudioVersion = 16.0.30611.23
MinimumVisualStudioVersion = 10.0.40219.1
Project("{FAE04EC0-301F-11D3-BF4B-00C04F79EFBC}") = "SentimentAnalysisExample", "SentimentAnalysisExample\SentimentAnalysisExample.csproj", "{6DD787AF-FE29-4456-844F-922F2AC8B965}"
EndProject
Project("{9A19103F-16F7-4668-BE54-9A1E7A4F7556}") = "SentimentAnalysisExampleML.Model", "SentimentAnalysisExampleML.Model\SentimentAnalysisExampleML.Model.csproj", "{D1001C47-D14B-434C-A7FB-C60CECD69145}"
EndProject
Project("{9A19103F-16F7-4668-BE54-9A1E7A4F7556}") = "SentimentAnalysisExampleML.ConsoleApp", "SentimentAnalysisExampleML.ConsoleApp\SentimentAnalysisExampleML.ConsoleApp.csproj", "{1BBB1F43-4EAA-4482-AD8D-66F0241E594B}"
EndProject
Global
	GlobalSection(SolutionConfigurationPlatforms) = preSolution
		Debug|Any CPU = Debug|Any CPU
		Release|Any CPU = Release|Any CPU
	EndGlobalSection
	GlobalSection(ProjectConfigurationPlatforms) = postSolution
		{6DD787AF-FE29-4456-844F-922F2AC8B965}.Debug|Any CPU.ActiveCfg = Debug|Any CPU
		{6DD787AF-FE29-4456-844F-922F2AC8B965}.Debug|Any CPU.Build.0 = Debug|Any CPU
		{6DD787AF-FE29-4456-844F-922F2AC8B965}.Release|Any CPU.ActiveCfg = Release|Any CPU
		{6DD787AF-FE29-4456-844F-922F2AC8B965}.Release|Any CPU.Build.0 = Release|Any CPU
		{D1001C47-D14B-434C-A7FB-C60CECD69145}.Debug|Any CPU.ActiveCfg = Debug|Any CPU
		{D1001C47-D14B-434C-A7FB-C60CECD69145}.Debug|Any CPU.Build.0 = Debug|Any CPU
		{D1001C47-D14B-434C-A7FB-C60CECD69145}.Release|Any CPU.ActiveCfg = Release|Any CPU
		{D1001C47-D14B-434C-A7FB-C60CECD69145}.Release|Any CPU.Build.0 = Release|Any CPU
		{1BBB1F43-4EAA-4482-AD8D-66F0241E594B}.Debug|Any CPU.ActiveCfg = Debug|Any CPU
		{1BBB1F43-4EAA-4482-AD8D-66F0241E594B}.Debug|Any CPU.Build.0 = Debug|Any CPU
		{1BBB1F43-4EAA-4482-AD8D-66F0241E594B}.Release|Any CPU.ActiveCfg = Release|Any CPU
		{1BBB1F43-4EAA-4482-AD8D-66F0241E594B}.Release|Any CPU.Build.0 = Release|Any CPU
	EndGlobalSection
	GlobalSection(SolutionProperties) = preSolution
		HideSolutionNode = FALSE
	EndGlobalSection
	GlobalSection(ExtensibilityGlobals) = postSolution
		SolutionGuid = {7B12BC40-75D4-4D6F-AA25-3777117E9ADE}
	EndGlobalSection
EndGlobal
